
Microsoft Visual Studio Solution File, Format Version 12.00
# Visual Studio Version 17
VisualStudioVersion = 17.13.35825.156 d17.13
MinimumVisualStudioVersion = 10.0.40219.1
Project("{8BC9CEB8-8B4A-11D0-8D11-00A0C91BC942}") = "CreateDirectoryAndCopyFile", "CreateDirectoryAndCopyFile\CreateDirectoryAndCopyFile.vcxproj", "{ABFCC4C4-F202-4CB7-A5F8-78B458690AA9}"
EndProject
Project("{8BC9CEB8-8B4A-11D0-8D11-00A0C91BC942}") = "DeleteAndRename", "DeleteAndRename\DeleteAndRename.vcxproj", "{140D8AFC-C9BC-4604-9B10-BFB940A2D0B1}"
EndProject
Project("{8BC9CEB8-8B4A-11D0-8D11-00A0C91BC942}") = "EditingAndExtractingStrings", "EditingAndExtractingStrings\EditingAndExtractingStrings.vcxproj", "{E7717EAA-016B-490C-A00D-2515291C5C1D}"
EndProject
Global
	GlobalSection(SolutionConfigurationPlatforms) = preSolution
		Debug|x64 = Debug|x64
		Debug|x86 = Debug|x86
		Release|x64 = Release|x64
		Release|x86 = Release|x86
	EndGlobalSection
	GlobalSection(ProjectConfigurationPlatforms) = postSolution
		{ABFCC4C4-F202-4CB7-A5F8-78B458690AA9}.Debug|x64.ActiveCfg = Debug|x64
		{ABFCC4C4-F202-4CB7-A5F8-78B458690AA9}.Debug|x64.Build.0 = Debug|x64
		{ABFCC4C4-F202-4CB7-A5F8-78B458690AA9}.Debug|x86.ActiveCfg = Debug|Win32
		{ABFCC4C4-F202-4CB7-A5F8-78B458690AA9}.Debug|x86.Build.0 = Debug|Win32
		{ABFCC4C4-F202-4CB7-A5F8-78B458690AA9}.Release|x64.ActiveCfg = Release|x64
		{ABFCC4C4-F202-4CB7-A5F8-78B458690AA9}.Release|x64.Build.0 = Release|x64
		{ABFCC4C4-F202-4CB7-A5F8-78B458690AA9}.Release|x86.ActiveCfg = Release|Win32
		{ABFCC4C4-F202-4CB7-A5F8-78B458690AA9}.Release|x86.Build.0 = Release|Win32
		{140D8AFC-C9BC-4604-9B10-BFB940A2D0B1}.Debug|x64.ActiveCfg = Debug|x64
		{140D8AFC-C9BC-4604-9B10-BFB940A2D0B1}.Debug|x64.Build.0 = Debug|x64
		{140D8AFC-C9BC-4604-9B10-BFB940A2D0B1}.Debug|x86.ActiveCfg = Debug|Win32
		{140D8AFC-C9BC-4604-9B10-BFB940A2D0B1}.Debug|x86.Build.0 = Debug|Win32
		{140D8AFC-C9BC-4604-9B10-BFB940A2D0B1}.Release|x64.ActiveCfg = Release|x64
		{140D8AFC-C9BC-4604-9B10-BFB940A2D0B1}.Release|x64.Build.0 = Release|x64
		{140D8AFC-C9BC-4604-9B10-BFB940A2D0B1}.Release|x86.ActiveCfg = Release|Win32
		{140D8AFC-C9BC-4604-9B10-BFB940A2D0B1}.Release|x86.Build.0 = Release|Win32
		{E7717EAA-016B-490C-A00D-2515291C5C1D}.Debug|x64.ActiveCfg = Debug|x64
		{E7717EAA-016B-490C-A00D-2515291C5C1D}.Debug|x64.Build.0 = Debug|x64
		{E7717EAA-016B-490C-A00D-2515291C5C1D}.Debug|x86.ActiveCfg = Debug|Win32
		{E7717EAA-016B-490C-A00D-2515291C5C1D}.Debug|x86.Build.0 = Debug|Win32
		{E7717EAA-016B-490C-A00D-2515291C5C1D}.Release|x64.ActiveCfg = Release|x64
		{E7717EAA-016B-490C-A00D-2515291C5C1D}.Release|x64.Build.0 = Release|x64
		{E7717EAA-016B-490C-A00D-2515291C5C1D}.Release|x86.ActiveCfg = Release|Win32
		{E7717EAA-016B-490C-A00D-2515291C5C1D}.Release|x86.Build.0 = Release|Win32
	EndGlobalSection
	GlobalSection(SolutionProperties) = preSolution
		HideSolutionNode = FALSE
	EndGlobalSection
	GlobalSection(ExtensibilityGlobals) = postSolution
		SolutionGuid = {90598C7B-7F7A-49DB-A370-E490FB3FA420}
	EndGlobalSection
EndGlobal
